
Microsoft Visual Studio Solution File, Format Version 12.00
# Visual Studio 15
VisualStudioVersion = 15.0.28307.489
MinimumVisualStudioVersion = 10.0.40219.1
Project("{FAE04EC0-301F-11D3-BF4B-00C04F79EFBC}") = "Framework.UltimateQa", "Framework.UltimateQa\Framework.UltimateQa.csproj", "{3589ACB4-C787-4C27-BAA7-A08FFED25C2F}"
EndProject
Project("{FAE04EC0-301F-11D3-BF4B-00C04F79EFBC}") = "NUnit.TestProject", "NUnit.TestProject\NUnit.TestProject.csproj", "{F8FD829C-FEAE-477B-9747-A2604687B20D}"
EndProject
Global
	GlobalSection(SolutionConfigurationPlatforms) = preSolution
		Debug|Any CPU = Debug|Any CPU
		Release|Any CPU = Release|Any CPU
	EndGlobalSection
	GlobalSection(ProjectConfigurationPlatforms) = postSolution
		{3589ACB4-C787-4C27-BAA7-A08FFED25C2F}.Debug|Any CPU.ActiveCfg = Debug|Any CPU
		{3589ACB4-C787-4C27-BAA7-A08FFED25C2F}.Debug|Any CPU.Build.0 = Debug|Any CPU
		{3589ACB4-C787-4C27-BAA7-A08FFED25C2F}.Release|Any CPU.ActiveCfg = Release|Any CPU
		{3589ACB4-C787-4C27-BAA7-A08FFED25C2F}.Release|Any CPU.Build.0 = Release|Any CPU
		{F8FD829C-FEAE-477B-9747-A2604687B20D}.Debug|Any CPU.ActiveCfg = Debug|Any CPU
		{F8FD829C-FEAE-477B-9747-A2604687B20D}.Debug|Any CPU.Build.0 = Debug|Any CPU
		{F8FD829C-FEAE-477B-9747-A2604687B20D}.Release|Any CPU.ActiveCfg = Release|Any CPU
		{F8FD829C-FEAE-477B-9747-A2604687B20D}.Release|Any CPU.Build.0 = Release|Any CPU
	EndGlobalSection
	GlobalSection(SolutionProperties) = preSolution
		HideSolutionNode = FALSE
	EndGlobalSection
	GlobalSection(ExtensibilityGlobals) = postSolution
		SolutionGuid = {DE0B0B0F-4EEF-452D-ADF0-870EA93E36C6}
	EndGlobalSection
EndGlobal
